
Microsoft Visual Studio Solution File, Format Version 12.00
# Visual Studio 15
VisualStudioVersion = 15.0.28307.1300
MinimumVisualStudioVersion = 10.0.40219.1
Project("{FAE04EC0-301F-11D3-BF4B-00C04F79EFBC}") = "FizzBuzz", "FizzBuzz\FizzBuzz.csproj", "{700585F3-B0A6-435E-BA92-2E858C18CE43}"
EndProject
Global
	GlobalSection(SolutionConfigurationPlatforms) = preSolution
		Debug|Any CPU = Debug|Any CPU
		Release|Any CPU = Release|Any CPU
	EndGlobalSection
	GlobalSection(ProjectConfigurationPlatforms) = postSolution
		{700585F3-B0A6-435E-BA92-2E858C18CE43}.Debug|Any CPU.ActiveCfg = Debug|Any CPU
		{700585F3-B0A6-435E-BA92-2E858C18CE43}.Debug|Any CPU.Build.0 = Debug|Any CPU
		{700585F3-B0A6-435E-BA92-2E858C18CE43}.Release|Any CPU.ActiveCfg = Release|Any CPU
		{700585F3-B0A6-435E-BA92-2E858C18CE43}.Release|Any CPU.Build.0 = Release|Any CPU
	EndGlobalSection
	GlobalSection(SolutionProperties) = preSolution
		HideSolutionNode = FALSE
	EndGlobalSection
	GlobalSection(ExtensibilityGlobals) = postSolution
		SolutionGuid = {477FBD6E-05EA-4AF0-836C-A3CF76E18D28}
	EndGlobalSection
EndGlobal
